
Microsoft Visual Studio Solution File, Format Version 12.00
# Visual Studio Version 16
VisualStudioVersion = 16.0.30011.22
MinimumVisualStudioVersion = 10.0.40219.1
Project("{2150E333-8FDC-42A3-9474-1A3956D46DE8}") = "CS108RFIDFullDemo-XamarinFormsMvvmCross", "CS108RFIDFullDemo-XamarinFormsMvvmCross", "{A06042F5-F69D-4191-875E-5ADE9CF42075}"
EndProject
Project("{2150E333-8FDC-42A3-9474-1A3956D46DE8}") = "Library", "Library", "{7F10E7E4-52D4-4E60-A74D-E364539109DD}"
	ProjectSection(SolutionItems) = preProject
		Library\CSLibrary\Readme.txt = Library\CSLibrary\Readme.txt
	EndProjectSection
EndProject
Project("{2150E333-8FDC-42A3-9474-1A3956D46DE8}") = "BTWapper", "BTWapper", "{9A31ADB5-9FD7-474D-BD94-0BC7EFB2D0FF}"
EndProject
Project("{9A19103F-16F7-4668-BE54-9A1E7A4F7556}") = "MvvmCross.Plugins.BLE", "Library\BTWapper\MvvmCross.Plugins.BLE\MvvmCross.Plugins.BLE.csproj", "{84A47667-760B-41F5-AD8F-C96C1EE2CA90}"
EndProject
Project("{FAE04EC0-301F-11D3-BF4B-00C04F79EFBC}") = "MvvmCross.Plugins.BLE.iOS", "Library\BTWapper\MvvmCross.Plugins.BLE.iOS\MvvmCross.Plugins.BLE.iOS.csproj", "{4C92155B-585D-49A0-B2B5-BE69687BE188}"
EndProject
Project("{9A19103F-16F7-4668-BE54-9A1E7A4F7556}") = "Plugin.BLE", "Library\BTWapper\Plugin.BLE\Plugin.BLE.csproj", "{E9F3DADA-AFF6-4239-979D-A326DF912132}"
EndProject
Project("{9A19103F-16F7-4668-BE54-9A1E7A4F7556}") = "Plugin.BLE.Abstractions", "Library\BTWapper\Plugin.BLE.Abstractions\Plugin.BLE.Abstractions.csproj", "{66290D8C-9620-4449-8A47-BAF7709375C6}"
EndProject
Project("{FAE04EC0-301F-11D3-BF4B-00C04F79EFBC}") = "Plugin.BLE.iOS", "Library\BTWapper\Plugin.BLE.iOS\Plugin.BLE.iOS.csproj", "{AA85D854-436E-430A-9CD3-4C71518C273B}"
EndProject
Project("{9A19103F-16F7-4668-BE54-9A1E7A4F7556}") = "BLE.Client", "CS108 Demo\BLE.Client\BLE.Client.csproj", "{6B39BAE2-82FF-4904-B22D-F53414436813}"
EndProject
Project("{FAE04EC0-301F-11D3-BF4B-00C04F79EFBC}") = "BLE.Client.iOS", "CS108 Demo\BLE.Client.iOS\BLE.Client.iOS.csproj", "{D0FBE2BA-799B-4071-A45D-8FB037006C9C}"
EndProject
Project("{9A19103F-16F7-4668-BE54-9A1E7A4F7556}") = "CSLibrary-NETStandard", "Library\CSLibrary\CSLibrary-NETStandard.csproj", "{669006CB-CD73-4CD8-B7BE-66D190C7637F}"
EndProject
Global
	GlobalSection(SolutionConfigurationPlatforms) = preSolution
		Ad-Hoc|Any CPU = Ad-Hoc|Any CPU
		Ad-Hoc|ARM = Ad-Hoc|ARM
		Ad-Hoc|ARM64 = Ad-Hoc|ARM64
		Ad-Hoc|iPhone = Ad-Hoc|iPhone
		Ad-Hoc|iPhoneSimulator = Ad-Hoc|iPhoneSimulator
		Ad-Hoc|x64 = Ad-Hoc|x64
		Ad-Hoc|x86 = Ad-Hoc|x86
		AppStore|Any CPU = AppStore|Any CPU
		AppStore|ARM = AppStore|ARM
		AppStore|ARM64 = AppStore|ARM64
		AppStore|iPhone = AppStore|iPhone
		AppStore|iPhoneSimulator = AppStore|iPhoneSimulator
		AppStore|x64 = AppStore|x64
		AppStore|x86 = AppStore|x86
		Debug|Any CPU = Debug|Any CPU
		Debug|ARM = Debug|ARM
		Debug|ARM64 = Debug|ARM64
		Debug|iPhone = Debug|iPhone
		Debug|iPhoneSimulator = Debug|iPhoneSimulator
		Debug|x64 = Debug|x64
		Debug|x86 = Debug|x86
		Release|Any CPU = Release|Any CPU
		Release|ARM = Release|ARM
		Release|ARM64 = Release|ARM64
		Release|iPhone = Release|iPhone
		Release|iPhoneSimulator = Release|iPhoneSimulator
		Release|x64 = Release|x64
		Release|x86 = Release|x86
	EndGlobalSection
	GlobalSection(ProjectConfigurationPlatforms) = postSolution
		{84A47667-760B-41F5-AD8F-C96C1EE2CA90}.Ad-Hoc|Any CPU.ActiveCfg = Debug|Any CPU
		{84A47667-760B-41F5-AD8F-C96C1EE2CA90}.Ad-Hoc|Any CPU.Build.0 = Debug|Any CPU
		{84A47667-760B-41F5-AD8F-C96C1EE2CA90}.Ad-Hoc|ARM.ActiveCfg = Debug|Any CPU
		{84A47667-760B-41F5-AD8F-C96C1EE2CA90}.Ad-Hoc|ARM.Build.0 = Debug|Any CPU
		{84A47667-760B-41F5-AD8F-C96C1EE2CA90}.Ad-Hoc|ARM64.ActiveCfg = Release|Any CPU
		{84A47667-760B-41F5-AD8F-C96C1EE2CA90}.Ad-Hoc|ARM64.Build.0 = Release|Any CPU
		{84A47667-760B-41F5-AD8F-C96C1EE2CA90}.Ad-Hoc|iPhone.ActiveCfg = Debug|Any CPU
		{84A47667-760B-41F5-AD8F-C96C1EE2CA90}.Ad-Hoc|iPhone.Build.0 = Debug|Any CPU
		{84A47667-760B-41F5-AD8F-C96C1EE2CA90}.Ad-Hoc|iPhoneSimulator.ActiveCfg = Debug|Any CPU
		{84A47667-760B-41F5-AD8F-C96C1EE2CA90}.Ad-Hoc|iPhoneSimulator.Build.0 = Debug|Any CPU
		{84A47667-760B-41F5-AD8F-C96C1EE2CA90}.Ad-Hoc|x64.ActiveCfg = Debug|Any CPU
		{84A47667-760B-41F5-AD8F-C96C1EE2CA90}.Ad-Hoc|x64.Build.0 = Debug|Any CPU
		{84A47667-760B-41F5-AD8F-C96C1EE2CA90}.Ad-Hoc|x86.ActiveCfg = Debug|Any CPU
		{84A47667-760B-41F5-AD8F-C96C1EE2CA90}.Ad-Hoc|x86.Build.0 = Debug|Any CPU
		{84A47667-760B-41F5-AD8F-C96C1EE2CA90}.AppStore|Any CPU.ActiveCfg = Debug|Any CPU
		{84A47667-760B-41F5-AD8F-C96C1EE2CA90}.AppStore|Any CPU.Build.0 = Debug|Any CPU
		{84A47667-760B-41F5-AD8F-C96C1EE2CA90}.AppStore|ARM.ActiveCfg = Debug|Any CPU
		{84A47667-760B-41F5-AD8F-C96C1EE2CA90}.AppStore|ARM.Build.0 = Debug|Any CPU
		{84A47667-760B-41F5-AD8F-C96C1EE2CA90}.AppStore|ARM64.ActiveCfg = Release|Any CPU
		{84A47667-760B-41F5-AD8F-C96C1EE2CA90}.AppStore|ARM64.Build.0 = Release|Any CPU
		{84A47667-760B-41F5-AD8F-C96C1EE2CA90}.AppStore|iPhone.ActiveCfg = Debug|Any CPU
		{84A47667-760B-41F5-AD8F-C96C1EE2CA90}.AppStore|iPhone.Build.0 = Debug|Any CPU
		{84A47667-760B-41F5-AD8F-C96C1EE2CA90}.AppStore|iPhoneSimulator.ActiveCfg = Debug|Any CPU
		{84A47667-760B-41F5-AD8F-C96C1EE2CA90}.AppStore|iPhoneSimulator.Build.0 = Debug|Any CPU
		{84A47667-760B-41F5-AD8F-C96C1EE2CA90}.AppStore|x64.ActiveCfg = Debug|Any CPU
		{84A47667-760B-41F5-AD8F-C96C1EE2CA90}.AppStore|x64.Build.0 = Debug|Any CPU
		{84A47667-760B-41F5-AD8F-C96C1EE2CA90}.AppStore|x86.ActiveCfg = Debug|Any CPU
		{84A47667-760B-41F5-AD8F-C96C1EE2CA90}.AppStore|x86.Build.0 = Debug|Any CPU
		{84A47667-760B-41F5-AD8F-C96C1EE2CA90}.Debug|Any CPU.ActiveCfg = Debug|Any CPU
		{84A47667-760B-41F5-AD8F-C96C1EE2CA90}.Debug|Any CPU.Build.0 = Debug|Any CPU
		{84A47667-760B-41F5-AD8F-C96C1EE2CA90}.Debug|ARM.ActiveCfg = Debug|Any CPU
		{84A47667-760B-41F5-AD8F-C96C1EE2CA90}.Debug|ARM.Build.0 = Debug|Any CPU
		{84A47667-760B-41F5-AD8F-C96C1EE2CA90}.Debug|ARM64.ActiveCfg = Debug|Any CPU
		{84A47667-760B-41F5-AD8F-C96C1EE2CA90}.Debug|ARM64.Build.0 = Debug|Any CPU
		{84A47667-760B-41F5-AD8F-C96C1EE2CA90}.Debug|iPhone.ActiveCfg = Debug|Any CPU
		{84A47667-760B-41F5-AD8F-C96C1EE2CA90}.Debug|iPhone.Build.0 = Debug|Any CPU
		{84A47667-760B-41F5-AD8F-C96C1EE2CA90}.Debug|iPhoneSimulator.ActiveCfg = Debug|Any CPU
		{84A47667-760B-41F5-AD8F-C96C1EE2CA90}.Debug|iPhoneSimulator.Build.0 = Debug|Any CPU
		{84A47667-760B-41F5-AD8F-C96C1EE2CA90}.Debug|x64.ActiveCfg = Debug|Any CPU
		{84A47667-760B-41F5-AD8F-C96C1EE2CA90}.Debug|x64.Build.0 = Debug|Any CPU
		{84A47667-760B-41F5-AD8F-C96C1EE2CA90}.Debug|x86.ActiveCfg = Debug|Any CPU
		{84A47667-760B-41F5-AD8F-C96C1EE2CA90}.Debug|x86.Build.0 = Debug|Any CPU
		{84A47667-760B-41F5-AD8F-C96C1EE2CA90}.Release|Any CPU.ActiveCfg = Release|Any CPU
		{84A47667-760B-41F5-AD8F-C96C1EE2CA90}.Release|Any CPU.Build.0 = Release|Any CPU
		{84A47667-760B-41F5-AD8F-C96C1EE2CA90}.Release|ARM.ActiveCfg = Release|Any CPU
		{84A47667-760B-41F5-AD8F-C96C1EE2CA90}.Release|ARM.Build.0 = Release|Any CPU
		{84A47667-760B-41F5-AD8F-C96C1EE2CA90}.Release|ARM64.ActiveCfg = Release|Any CPU
		{84A47667-760B-41F5-AD8F-C96C1EE2CA90}.Release|ARM64.Build.0 = Release|Any CPU
		{84A47667-760B-41F5-AD8F-C96C1EE2CA90}.Release|iPhone.ActiveCfg = Release|Any CPU
		{84A47667-760B-41F5-AD8F-C96C1EE2CA90}.Release|iPhone.Build.0 = Release|Any CPU
		{84A47667-760B-41F5-AD8F-C96C1EE2CA90}.Release|iPhoneSimulator.ActiveCfg = Release|Any CPU
		{84A47667-760B-41F5-AD8F-C96C1EE2CA90}.Release|iPhoneSimulator.Build.0 = Release|Any CPU
		{84A47667-760B-41F5-AD8F-C96C1EE2CA90}.Release|x64.ActiveCfg = Release|Any CPU
		{84A47667-760B-41F5-AD8F-C96C1EE2CA90}.Release|x64.Build.0 = Release|Any CPU
		{84A47667-760B-41F5-AD8F-C96C1EE2CA90}.Release|x86.ActiveCfg = Release|Any CPU
		{84A47667-760B-41F5-AD8F-C96C1EE2CA90}.Release|x86.Build.0 = Release|Any CPU
		{4C92155B-585D-49A0-B2B5-BE69687BE188}.Ad-Hoc|Any CPU.ActiveCfg = Release|Any CPU
		{4C92155B-585D-49A0-B2B5-BE69687BE188}.Ad-Hoc|Any CPU.Build.0 = Release|Any CPU
		{4C92155B-585D-49A0-B2B5-BE69687BE188}.Ad-Hoc|ARM.ActiveCfg = Release|Any CPU
		{4C92155B-585D-49A0-B2B5-BE69687BE188}.Ad-Hoc|ARM.Build.0 = Release|Any CPU
		{4C92155B-585D-49A0-B2B5-BE69687BE188}.Ad-Hoc|ARM64.ActiveCfg = Debug|Any CPU
		{4C92155B-585D-49A0-B2B5-BE69687BE188}.Ad-Hoc|ARM64.Build.0 = Debug|Any CPU
		{4C92155B-585D-49A0-B2B5-BE69687BE188}.Ad-Hoc|iPhone.ActiveCfg = Release|Any CPU
		{4C92155B-585D-49A0-B2B5-BE69687BE188}.Ad-Hoc|iPhone.Build.0 = Release|Any CPU
		{4C92155B-585D-49A0-B2B5-BE69687BE188}.Ad-Hoc|iPhoneSimulator.ActiveCfg = Release|Any CPU
		{4C92155B-585D-49A0-B2B5-BE69687BE188}.Ad-Hoc|iPhoneSimulator.Build.0 = Release|Any CPU
		{4C92155B-585D-49A0-B2B5-BE69687BE188}.Ad-Hoc|x64.ActiveCfg = Release|Any CPU
		{4C92155B-585D-49A0-B2B5-BE69687BE188}.Ad-Hoc|x64.Build.0 = Release|Any CPU
		{4C92155B-585D-49A0-B2B5-BE69687BE188}.Ad-Hoc|x86.ActiveCfg = Release|Any CPU
		{4C92155B-585D-49A0-B2B5-BE69687BE188}.Ad-Hoc|x86.Build.0 = Release|Any CPU
		{4C92155B-585D-49A0-B2B5-BE69687BE188}.AppStore|Any CPU.ActiveCfg = Release|Any CPU
		{4C92155B-585D-49A0-B2B5-BE69687BE188}.AppStore|Any CPU.Build.0 = Release|Any CPU
		{4C92155B-585D-49A0-B2B5-BE69687BE188}.AppStore|ARM.ActiveCfg = Release|Any CPU
		{4C92155B-585D-49A0-B2B5-BE69687BE188}.AppStore|ARM.Build.0 = Release|Any CPU
		{4C92155B-585D-49A0-B2B5-BE69687BE188}.AppStore|ARM64.ActiveCfg = Debug|Any CPU
		{4C92155B-585D-49A0-B2B5-BE69687BE188}.AppStore|ARM64.Build.0 = Debug|Any CPU
		{4C92155B-585D-49A0-B2B5-BE69687BE188}.AppStore|iPhone.ActiveCfg = Release|Any CPU
		{4C92155B-585D-49A0-B2B5-BE69687BE188}.AppStore|iPhone.Build.0 = Release|Any CPU
		{4C92155B-585D-49A0-B2B5-BE69687BE188}.AppStore|iPhoneSimulator.ActiveCfg = Release|Any CPU
		{4C92155B-585D-49A0-B2B5-BE69687BE188}.AppStore|iPhoneSimulator.Build.0 = Release|Any CPU
		{4C92155B-585D-49A0-B2B5-BE69687BE188}.AppStore|x64.ActiveCfg = Release|Any CPU
		{4C92155B-585D-49A0-B2B5-BE69687BE188}.AppStore|x64.Build.0 = Release|Any CPU
		{4C92155B-585D-49A0-B2B5-BE69687BE188}.AppStore|x86.ActiveCfg = Release|Any CPU
		{4C92155B-585D-49A0-B2B5-BE69687BE188}.AppStore|x86.Build.0 = Release|Any CPU
		{4C92155B-585D-49A0-B2B5-BE69687BE188}.Debug|Any CPU.ActiveCfg = Debug|Any CPU
		{4C92155B-585D-49A0-B2B5-BE69687BE188}.Debug|Any CPU.Build.0 = Debug|Any CPU
		{4C92155B-585D-49A0-B2B5-BE69687BE188}.Debug|ARM.ActiveCfg = Debug|Any CPU
		{4C92155B-585D-49A0-B2B5-BE69687BE188}.Debug|ARM.Build.0 = Debug|Any CPU
		{4C92155B-585D-49A0-B2B5-BE69687BE188}.Debug|ARM64.ActiveCfg = Debug|Any CPU
		{4C92155B-585D-49A0-B2B5-BE69687BE188}.Debug|ARM64.Build.0 = Debug|Any CPU
		{4C92155B-585D-49A0-B2B5-BE69687BE188}.Debug|iPhone.ActiveCfg = Debug|Any CPU
		{4C92155B-585D-49A0-B2B5-BE69687BE188}.Debug|iPhone.Build.0 = Debug|Any CPU
		{4C92155B-585D-49A0-B2B5-BE69687BE188}.Debug|iPhoneSimulator.ActiveCfg = Debug|Any CPU
		{4C92155B-585D-49A0-B2B5-BE69687BE188}.Debug|iPhoneSimulator.Build.0 = Debug|Any CPU
		{4C92155B-585D-49A0-B2B5-BE69687BE188}.Debug|x64.ActiveCfg = Debug|Any CPU
		{4C92155B-585D-49A0-B2B5-BE69687BE188}.Debug|x64.Build.0 = Debug|Any CPU
		{4C92155B-585D-49A0-B2B5-BE69687BE188}.Debug|x86.ActiveCfg = Debug|Any CPU
		{4C92155B-585D-49A0-B2B5-BE69687BE188}.Debug|x86.Build.0 = Debug|Any CPU
		{4C92155B-585D-49A0-B2B5-BE69687BE188}.Release|Any CPU.ActiveCfg = Release|Any CPU
		{4C92155B-585D-49A0-B2B5-BE69687BE188}.Release|Any CPU.Build.0 = Release|Any CPU
		{4C92155B-585D-49A0-B2B5-BE69687BE188}.Release|ARM.ActiveCfg = Release|Any CPU
		{4C92155B-585D-49A0-B2B5-BE69687BE188}.Release|ARM.Build.0 = Release|Any CPU
		{4C92155B-585D-49A0-B2B5-BE69687BE188}.Release|ARM64.ActiveCfg = Release|Any CPU
		{4C92155B-585D-49A0-B2B5-BE69687BE188}.Release|ARM64.Build.0 = Release|Any CPU
		{4C92155B-585D-49A0-B2B5-BE69687BE188}.Release|iPhone.ActiveCfg = Release|Any CPU
		{4C92155B-585D-49A0-B2B5-BE69687BE188}.Release|iPhone.Build.0 = Release|Any CPU
		{4C92155B-585D-49A0-B2B5-BE69687BE188}.Release|iPhoneSimulator.ActiveCfg = Release|Any CPU
		{4C92155B-585D-49A0-B2B5-BE69687BE188}.Release|iPhoneSimulator.Build.0 = Release|Any CPU
		{4C92155B-585D-49A0-B2B5-BE69687BE188}.Release|x64.ActiveCfg = Release|Any CPU
		{4C92155B-585D-49A0-B2B5-BE69687BE188}.Release|x64.Build.0 = Release|Any CPU
		{4C92155B-585D-49A0-B2B5-BE69687BE188}.Release|x86.ActiveCfg = Release|Any CPU
		{4C92155B-585D-49A0-B2B5-BE69687BE188}.Release|x86.Build.0 = Release|Any CPU
		{E9F3DADA-AFF6-4239-979D-A326DF912132}.Ad-Hoc|Any CPU.ActiveCfg = Debug|Any CPU
		{E9F3DADA-AFF6-4239-979D-A326DF912132}.Ad-Hoc|Any CPU.Build.0 = Debug|Any CPU
		{E9F3DADA-AFF6-4239-979D-A326DF912132}.Ad-Hoc|ARM.ActiveCfg = Debug|Any CPU
		{E9F3DADA-AFF6-4239-979D-A326DF912132}.Ad-Hoc|ARM.Build.0 = Debug|Any CPU
		{E9F3DADA-AFF6-4239-979D-A326DF912132}.Ad-Hoc|ARM64.ActiveCfg = Release|Any CPU
		{E9F3DADA-AFF6-4239-979D-A326DF912132}.Ad-Hoc|ARM64.Build.0 = Release|Any CPU
		{E9F3DADA-AFF6-4239-979D-A326DF912132}.Ad-Hoc|iPhone.ActiveCfg = Debug|Any CPU
		{E9F3DADA-AFF6-4239-979D-A326DF912132}.Ad-Hoc|iPhone.Build.0 = Debug|Any CPU
		{E9F3DADA-AFF6-4239-979D-A326DF912132}.Ad-Hoc|iPhoneSimulator.ActiveCfg = Debug|Any CPU
		{E9F3DADA-AFF6-4239-979D-A326DF912132}.Ad-Hoc|iPhoneSimulator.Build.0 = Debug|Any CPU
		{E9F3DADA-AFF6-4239-979D-A326DF912132}.Ad-Hoc|x64.ActiveCfg = Debug|Any CPU
		{E9F3DADA-AFF6-4239-979D-A326DF912132}.Ad-Hoc|x64.Build.0 = Debug|Any CPU
		{E9F3DADA-AFF6-4239-979D-A326DF912132}.Ad-Hoc|x86.ActiveCfg = Debug|Any CPU
		{E9F3DADA-AFF6-4239-979D-A326DF912132}.Ad-Hoc|x86.Build.0 = Debug|Any CPU
		{E9F3DADA-AFF6-4239-979D-A326DF912132}.AppStore|Any CPU.ActiveCfg = Debug|Any CPU
		{E9F3DADA-AFF6-4239-979D-A326DF912132}.AppStore|Any CPU.Build.0 = Debug|Any CPU
		{E9F3DADA-AFF6-4239-979D-A326DF912132}.AppStore|ARM.ActiveCfg = Debug|Any CPU
		{E9F3DADA-AFF6-4239-979D-A326DF912132}.AppStore|ARM.Build.0 = Debug|Any CPU
		{E9F3DADA-AFF6-4239-979D-A326DF912132}.AppStore|ARM64.ActiveCfg = Release|Any CPU
		{E9F3DADA-AFF6-4239-979D-A326DF912132}.AppStore|ARM64.Build.0 = Release|Any CPU
		{E9F3DADA-AFF6-4239-979D-A326DF912132}.AppStore|iPhone.ActiveCfg = Debug|Any CPU
		{E9F3DADA-AFF6-4239-979D-A326DF912132}.AppStore|iPhone.Build.0 = Debug|Any CPU
		{E9F3DADA-AFF6-4239-979D-A326DF912132}.AppStore|iPhoneSimulator.ActiveCfg = Debug|Any CPU
		{E9F3DADA-AFF6-4239-979D-A326DF912132}.AppStore|iPhoneSimulator.Build.0 = Debug|Any CPU
		{E9F3DADA-AFF6-4239-979D-A326DF912132}.AppStore|x64.ActiveCfg = Debug|Any CPU
		{E9F3DADA-AFF6-4239-979D-A326DF912132}.AppStore|x64.Build.0 = Debug|Any CPU
		{E9F3DADA-AFF6-4239-979D-A326DF912132}.AppStore|x86.ActiveCfg = Debug|Any CPU
		{E9F3DADA-AFF6-4239-979D-A326DF912132}.AppStore|x86.Build.0 = Debug|Any CPU
		{E9F3DADA-AFF6-4239-979D-A326DF912132}.Debug|Any CPU.ActiveCfg = Debug|Any CPU
		{E9F3DADA-AFF6-4239-979D-A326DF912132}.Debug|Any CPU.Build.0 = Debug|Any CPU
		{E9F3DADA-AFF6-4239-979D-A326DF912132}.Debug|ARM.ActiveCfg = Debug|Any CPU
		{E9F3DADA-AFF6-4239-979D-A326DF912132}.Debug|ARM.Build.0 = Debug|Any CPU
		{E9F3DADA-AFF6-4239-979D-A326DF912132}.Debug|ARM64.ActiveCfg = Debug|Any CPU
		{E9F3DADA-AFF6-4239-979D-A326DF912132}.Debug|ARM64.Build.0 = Debug|Any CPU
		{E9F3DADA-AFF6-4239-979D-A326DF912132}.Debug|iPhone.ActiveCfg = Debug|Any CPU
		{E9F3DADA-AFF6-4239-979D-A326DF912132}.Debug|iPhone.Build.0 = Debug|Any CPU
		{E9F3DADA-AFF6-4239-979D-A326DF912132}.Debug|iPhoneSimulator.ActiveCfg = Debug|Any CPU
		{E9F3DADA-AFF6-4239-979D-A326DF912132}.Debug|iPhoneSimulator.Build.0 = Debug|Any CPU
		{E9F3DADA-AFF6-4239-979D-A326DF912132}.Debug|x64.ActiveCfg = Debug|Any CPU
		{E9F3DADA-AFF6-4239-979D-A326DF912132}.Debug|x64.Build.0 = Debug|Any CPU
		{E9F3DADA-AFF6-4239-979D-A326DF912132}.Debug|x86.ActiveCfg = Debug|Any CPU
		{E9F3DADA-AFF6-4239-979D-A326DF912132}.Debug|x86.Build.0 = Debug|Any CPU
		{E9F3DADA-AFF6-4239-979D-A326DF912132}.Release|Any CPU.ActiveCfg = Release|Any CPU
		{E9F3DADA-AFF6-4239-979D-A326DF912132}.Release|Any CPU.Build.0 = Release|Any CPU
		{E9F3DADA-AFF6-4239-979D-A326DF912132}.Release|ARM.ActiveCfg = Release|Any CPU
		{E9F3DADA-AFF6-4239-979D-A326DF912132}.Release|ARM.Build.0 = Release|Any CPU
		{E9F3DADA-AFF6-4239-979D-A326DF912132}.Release|ARM64.ActiveCfg = Release|Any CPU
		{E9F3DADA-AFF6-4239-979D-A326DF912132}.Release|ARM64.Build.0 = Release|Any CPU
		{E9F3DADA-AFF6-4239-979D-A326DF912132}.Release|iPhone.ActiveCfg = Release|Any CPU
		{E9F3DADA-AFF6-4239-979D-A326DF912132}.Release|iPhone.Build.0 = Release|Any CPU
		{E9F3DADA-AFF6-4239-979D-A326DF912132}.Release|iPhoneSimulator.ActiveCfg = Release|Any CPU
		{E9F3DADA-AFF6-4239-979D-A326DF912132}.Release|iPhoneSimulator.Build.0 = Release|Any CPU
		{E9F3DADA-AFF6-4239-979D-A326DF912132}.Release|x64.ActiveCfg = Release|Any CPU
		{E9F3DADA-AFF6-4239-979D-A326DF912132}.Release|x64.Build.0 = Release|Any CPU
		{E9F3DADA-AFF6-4239-979D-A326DF912132}.Release|x86.ActiveCfg = Release|Any CPU
		{E9F3DADA-AFF6-4239-979D-A326DF912132}.Release|x86.Build.0 = Release|Any CPU
		{66290D8C-9620-4449-8A47-BAF7709375C6}.Ad-Hoc|Any CPU.ActiveCfg = Debug|Any CPU
		{66290D8C-9620-4449-8A47-BAF7709375C6}.Ad-Hoc|Any CPU.Build.0 = Debug|Any CPU
		{66290D8C-9620-4449-8A47-BAF7709375C6}.Ad-Hoc|ARM.ActiveCfg = Debug|Any CPU
		{66290D8C-9620-4449-8A47-BAF7709375C6}.Ad-Hoc|ARM.Build.0 = Debug|Any CPU
		{66290D8C-9620-4449-8A47-BAF7709375C6}.Ad-Hoc|ARM64.ActiveCfg = Release|Any CPU
		{66290D8C-9620-4449-8A47-BAF7709375C6}.Ad-Hoc|ARM64.Build.0 = Release|Any CPU
		{66290D8C-9620-4449-8A47-BAF7709375C6}.Ad-Hoc|iPhone.ActiveCfg = Debug|Any CPU
		{66290D8C-9620-4449-8A47-BAF7709375C6}.Ad-Hoc|iPhone.Build.0 = Debug|Any CPU
		{66290D8C-9620-4449-8A47-BAF7709375C6}.Ad-Hoc|iPhoneSimulator.ActiveCfg = Debug|Any CPU
		{66290D8C-9620-4449-8A47-BAF7709375C6}.Ad-Hoc|iPhoneSimulator.Build.0 = Debug|Any CPU
		{66290D8C-9620-4449-8A47-BAF7709375C6}.Ad-Hoc|x64.ActiveCfg = Debug|Any CPU
		{66290D8C-9620-4449-8A47-BAF7709375C6}.Ad-Hoc|x64.Build.0 = Debug|Any CPU
		{66290D8C-9620-4449-8A47-BAF7709375C6}.Ad-Hoc|x86.ActiveCfg = Debug|Any CPU
		{66290D8C-9620-4449-8A47-BAF7709375C6}.Ad-Hoc|x86.Build.0 = Debug|Any CPU
		{66290D8C-9620-4449-8A47-BAF7709375C6}.AppStore|Any CPU.ActiveCfg = Debug|Any CPU
		{66290D8C-9620-4449-8A47-BAF7709375C6}.AppStore|Any CPU.Build.0 = Debug|Any CPU
		{66290D8C-9620-4449-8A47-BAF7709375C6}.AppStore|ARM.ActiveCfg = Debug|Any CPU
		{66290D8C-9620-4449-8A47-BAF7709375C6}.AppStore|ARM.Build.0 = Debug|Any CPU
		{66290D8C-9620-4449-8A47-BAF7709375C6}.AppStore|ARM64.ActiveCfg = Release|Any CPU
		{66290D8C-9620-4449-8A47-BAF7709375C6}.AppStore|ARM64.Build.0 = Release|Any CPU
		{66290D8C-9620-4449-8A47-BAF7709375C6}.AppStore|iPhone.ActiveCfg = Debug|Any CPU
		{66290D8C-9620-4449-8A47-BAF7709375C6}.AppStore|iPhone.Build.0 = Debug|Any CPU
		{66290D8C-9620-4449-8A47-BAF7709375C6}.AppStore|iPhoneSimulator.ActiveCfg = Debug|Any CPU
		{66290D8C-9620-4449-8A47-BAF7709375C6}.AppStore|iPhoneSimulator.Build.0 = Debug|Any CPU
		{66290D8C-9620-4449-8A47-BAF7709375C6}.AppStore|x64.ActiveCfg = Debug|Any CPU
		{66290D8C-9620-4449-8A47-BAF7709375C6}.AppStore|x64.Build.0 = Debug|Any CPU
		{66290D8C-9620-4449-8A47-BAF7709375C6}.AppStore|x86.ActiveCfg = Debug|Any CPU
		{66290D8C-9620-4449-8A47-BAF7709375C6}.AppStore|x86.Build.0 = Debug|Any CPU
		{66290D8C-9620-4449-8A47-BAF7709375C6}.Debug|Any CPU.ActiveCfg = Debug|Any CPU
		{66290D8C-9620-4449-8A47-BAF7709375C6}.Debug|Any CPU.Build.0 = Debug|Any CPU
		{66290D8C-9620-4449-8A47-BAF7709375C6}.Debug|ARM.ActiveCfg = Debug|Any CPU
		{66290D8C-9620-4449-8A47-BAF7709375C6}.Debug|ARM.Build.0 = Debug|Any CPU
		{66290D8C-9620-4449-8A47-BAF7709375C6}.Debug|ARM64.ActiveCfg = Debug|Any CPU
		{66290D8C-9620-4449-8A47-BAF7709375C6}.Debug|ARM64.Build.0 = Debug|Any CPU
		{66290D8C-9620-4449-8A47-BAF7709375C6}.Debug|iPhone.ActiveCfg = Debug|Any CPU
		{66290D8C-9620-4449-8A47-BAF7709375C6}.Debug|iPhone.Build.0 = Debug|Any CPU
		{66290D8C-9620-4449-8A47-BAF7709375C6}.Debug|iPhoneSimulator.ActiveCfg = Debug|Any CPU
		{66290D8C-9620-4449-8A47-BAF7709375C6}.Debug|iPhoneSimulator.Build.0 = Debug|Any CPU
		{66290D8C-9620-4449-8A47-BAF7709375C6}.Debug|x64.ActiveCfg = Debug|Any CPU
		{66290D8C-9620-4449-8A47-BAF7709375C6}.Debug|x64.Build.0 = Debug|Any CPU
		{66290D8C-9620-4449-8A47-BAF7709375C6}.Debug|x86.ActiveCfg = Debug|Any CPU
		{66290D8C-9620-4449-8A47-BAF7709375C6}.Debug|x86.Build.0 = Debug|Any CPU
		{66290D8C-9620-4449-8A47-BAF7709375C6}.Release|Any CPU.ActiveCfg = Release|Any CPU
		{66290D8C-9620-4449-8A47-BAF7709375C6}.Release|Any CPU.Build.0 = Release|Any CPU
		{66290D8C-9620-4449-8A47-BAF7709375C6}.Release|ARM.ActiveCfg = Release|Any CPU
		{66290D8C-9620-4449-8A47-BAF7709375C6}.Release|ARM.Build.0 = Release|Any CPU
		{66290D8C-9620-4449-8A47-BAF7709375C6}.Release|ARM64.ActiveCfg = Release|Any CPU
		{66290D8C-9620-4449-8A47-BAF7709375C6}.Release|ARM64.Build.0 = Release|Any CPU
		{66290D8C-9620-4449-8A47-BAF7709375C6}.Release|iPhone.ActiveCfg = Release|Any CPU
		{66290D8C-9620-4449-8A47-BAF7709375C6}.Release|iPhone.Build.0 = Release|Any CPU
		{66290D8C-9620-4449-8A47-BAF7709375C6}.Release|iPhoneSimulator.ActiveCfg = Release|Any CPU
		{66290D8C-9620-4449-8A47-BAF7709375C6}.Release|iPhoneSimulator.Build.0 = Release|Any CPU
		{66290D8C-9620-4449-8A47-BAF7709375C6}.Release|x64.ActiveCfg = Release|Any CPU
		{66290D8C-9620-4449-8A47-BAF7709375C6}.Release|x64.Build.0 = Release|Any CPU
		{66290D8C-9620-4449-8A47-BAF7709375C6}.Release|x86.ActiveCfg = Release|Any CPU
		{66290D8C-9620-4449-8A47-BAF7709375C6}.Release|x86.Build.0 = Release|Any CPU
		{AA85D854-436E-430A-9CD3-4C71518C273B}.Ad-Hoc|Any CPU.ActiveCfg = Release|Any CPU
		{AA85D854-436E-430A-9CD3-4C71518C273B}.Ad-Hoc|Any CPU.Build.0 = Release|Any CPU
		{AA85D854-436E-430A-9CD3-4C71518C273B}.Ad-Hoc|ARM.ActiveCfg = Release|Any CPU
		{AA85D854-436E-430A-9CD3-4C71518C273B}.Ad-Hoc|ARM.Build.0 = Release|Any CPU
		{AA85D854-436E-430A-9CD3-4C71518C273B}.Ad-Hoc|ARM64.ActiveCfg = Debug|Any CPU
		{AA85D854-436E-430A-9CD3-4C71518C273B}.Ad-Hoc|ARM64.Build.0 = Debug|Any CPU
		{AA85D854-436E-430A-9CD3-4C71518C273B}.Ad-Hoc|iPhone.ActiveCfg = Release|Any CPU
		{AA85D854-436E-430A-9CD3-4C71518C273B}.Ad-Hoc|iPhone.Build.0 = Release|Any CPU
		{AA85D854-436E-430A-9CD3-4C71518C273B}.Ad-Hoc|iPhoneSimulator.ActiveCfg = Release|Any CPU
		{AA85D854-436E-430A-9CD3-4C71518C273B}.Ad-Hoc|iPhoneSimulator.Build.0 = Release|Any CPU
		{AA85D854-436E-430A-9CD3-4C71518C273B}.Ad-Hoc|x64.ActiveCfg = Release|Any CPU
		{AA85D854-436E-430A-9CD3-4C71518C273B}.Ad-Hoc|x64.Build.0 = Release|Any CPU
		{AA85D854-436E-430A-9CD3-4C71518C273B}.Ad-Hoc|x86.ActiveCfg = Release|Any CPU
		{AA85D854-436E-430A-9CD3-4C71518C273B}.Ad-Hoc|x86.Build.0 = Release|Any CPU
		{AA85D854-436E-430A-9CD3-4C71518C273B}.AppStore|Any CPU.ActiveCfg = Release|Any CPU
		{AA85D854-436E-430A-9CD3-4C71518C273B}.AppStore|Any CPU.Build.0 = Release|Any CPU
		{AA85D854-436E-430A-9CD3-4C71518C273B}.AppStore|ARM.ActiveCfg = Release|Any CPU
		{AA85D854-436E-430A-9CD3-4C71518C273B}.AppStore|ARM.Build.0 = Release|Any CPU
		{AA85D854-436E-430A-9CD3-4C71518C273B}.AppStore|ARM64.ActiveCfg = Debug|Any CPU
		{AA85D854-436E-430A-9CD3-4C71518C273B}.AppStore|ARM64.Build.0 = Debug|Any CPU
		{AA85D854-436E-430A-9CD3-4C71518C273B}.AppStore|iPhone.ActiveCfg = Release|Any CPU
		{AA85D854-436E-430A-9CD3-4C71518C273B}.AppStore|iPhone.Build.0 = Release|Any CPU
		{AA85D854-436E-430A-9CD3-4C71518C273B}.AppStore|iPhoneSimulator.ActiveCfg = Release|Any CPU
		{AA85D854-436E-430A-9CD3-4C71518C273B}.AppStore|iPhoneSimulator.Build.0 = Release|Any CPU
		{AA85D854-436E-430A-9CD3-4C71518C273B}.AppStore|x64.ActiveCfg = Release|Any CPU
		{AA85D854-436E-430A-9CD3-4C71518C273B}.AppStore|x64.Build.0 = Release|Any CPU
		{AA85D854-436E-430A-9CD3-4C71518C273B}.AppStore|x86.ActiveCfg = Release|Any CPU
		{AA85D854-436E-430A-9CD3-4C71518C273B}.AppStore|x86.Build.0 = Release|Any CPU
		{AA85D854-436E-430A-9CD3-4C71518C273B}.Debug|Any CPU.ActiveCfg = Debug|Any CPU
		{AA85D854-436E-430A-9CD3-4C71518C273B}.Debug|Any CPU.Build.0 = Debug|Any CPU
		{AA85D854-436E-430A-9CD3-4C71518C273B}.Debug|ARM.ActiveCfg = Debug|Any CPU
		{AA85D854-436E-430A-9CD3-4C71518C273B}.Debug|ARM.Build.0 = Debug|Any CPU
		{AA85D854-436E-430A-9CD3-4C71518C273B}.Debug|ARM64.ActiveCfg = Debug|Any CPU
		{AA85D854-436E-430A-9CD3-4C71518C273B}.Debug|ARM64.Build.0 = Debug|Any CPU
		{AA85D854-436E-430A-9CD3-4C71518C273B}.Debug|iPhone.ActiveCfg = Debug|Any CPU
		{AA85D854-436E-430A-9CD3-4C71518C273B}.Debug|iPhone.Build.0 = Debug|Any CPU
		{AA85D854-436E-430A-9CD3-4C71518C273B}.Debug|iPhoneSimulator.ActiveCfg = Debug|Any CPU
		{AA85D854-436E-430A-9CD3-4C71518C273B}.Debug|iPhoneSimulator.Build.0 = Debug|Any CPU
		{AA85D854-436E-430A-9CD3-4C71518C273B}.Debug|x64.ActiveCfg = Debug|Any CPU
		{AA85D854-436E-430A-9CD3-4C71518C273B}.Debug|x64.Build.0 = Debug|Any CPU
		{AA85D854-436E-430A-9CD3-4C71518C273B}.Debug|x86.ActiveCfg = Debug|Any CPU
		{AA85D854-436E-430A-9CD3-4C71518C273B}.Debug|x86.Build.0 = Debug|Any CPU
		{AA85D854-436E-430A-9CD3-4C71518C273B}.Release|Any CPU.ActiveCfg = Release|Any CPU
		{AA85D854-436E-430A-9CD3-4C71518C273B}.Release|Any CPU.Build.0 = Release|Any CPU
		{AA85D854-436E-430A-9CD3-4C71518C273B}.Release|ARM.ActiveCfg = Release|Any CPU
		{AA85D854-436E-430A-9CD3-4C71518C273B}.Release|ARM.Build.0 = Release|Any CPU
		{AA85D854-436E-430A-9CD3-4C71518C273B}.Release|ARM64.ActiveCfg = Release|Any CPU
		{AA85D854-436E-430A-9CD3-4C71518C273B}.Release|ARM64.Build.0 = Release|Any CPU
		{AA85D854-436E-430A-9CD3-4C71518C273B}.Release|iPhone.ActiveCfg = Release|Any CPU
		{AA85D854-436E-430A-9CD3-4C71518C273B}.Release|iPhone.Build.0 = Release|Any CPU
		{AA85D854-436E-430A-9CD3-4C71518C273B}.Release|iPhoneSimulator.ActiveCfg = Release|Any CPU
		{AA85D854-436E-430A-9CD3-4C71518C273B}.Release|iPhoneSimulator.Build.0 = Release|Any CPU
		{AA85D854-436E-430A-9CD3-4C71518C273B}.Release|x64.ActiveCfg = Release|Any CPU
		{AA85D854-436E-430A-9CD3-4C71518C273B}.Release|x64.Build.0 = Release|Any CPU
		{AA85D854-436E-430A-9CD3-4C71518C273B}.Release|x86.ActiveCfg = Release|Any CPU
		{AA85D854-436E-430A-9CD3-4C71518C273B}.Release|x86.Build.0 = Release|Any CPU
		{6B39BAE2-82FF-4904-B22D-F53414436813}.Ad-Hoc|Any CPU.ActiveCfg = Debug|Any CPU
		{6B39BAE2-82FF-4904-B22D-F53414436813}.Ad-Hoc|Any CPU.Build.0 = Debug|Any CPU
		{6B39BAE2-82FF-4904-B22D-F53414436813}.Ad-Hoc|ARM.ActiveCfg = Debug|Any CPU
		{6B39BAE2-82FF-4904-B22D-F53414436813}.Ad-Hoc|ARM.Build.0 = Debug|Any CPU
		{6B39BAE2-82FF-4904-B22D-F53414436813}.Ad-Hoc|ARM64.ActiveCfg = Release|Any CPU
		{6B39BAE2-82FF-4904-B22D-F53414436813}.Ad-Hoc|ARM64.Build.0 = Release|Any CPU
		{6B39BAE2-82FF-4904-B22D-F53414436813}.Ad-Hoc|iPhone.ActiveCfg = Debug|Any CPU
		{6B39BAE2-82FF-4904-B22D-F53414436813}.Ad-Hoc|iPhone.Build.0 = Debug|Any CPU
		{6B39BAE2-82FF-4904-B22D-F53414436813}.Ad-Hoc|iPhoneSimulator.ActiveCfg = Debug|Any CPU
		{6B39BAE2-82FF-4904-B22D-F53414436813}.Ad-Hoc|iPhoneSimulator.Build.0 = Debug|Any CPU
		{6B39BAE2-82FF-4904-B22D-F53414436813}.Ad-Hoc|x64.ActiveCfg = Debug|Any CPU
		{6B39BAE2-82FF-4904-B22D-F53414436813}.Ad-Hoc|x64.Build.0 = Debug|Any CPU
		{6B39BAE2-82FF-4904-B22D-F53414436813}.Ad-Hoc|x86.ActiveCfg = Debug|Any CPU
		{6B39BAE2-82FF-4904-B22D-F53414436813}.Ad-Hoc|x86.Build.0 = Debug|Any CPU
		{6B39BAE2-82FF-4904-B22D-F53414436813}.AppStore|Any CPU.ActiveCfg = Debug|Any CPU
		{6B39BAE2-82FF-4904-B22D-F53414436813}.AppStore|Any CPU.Build.0 = Debug|Any CPU
		{6B39BAE2-82FF-4904-B22D-F53414436813}.AppStore|ARM.ActiveCfg = Debug|Any CPU
		{6B39BAE2-82FF-4904-B22D-F53414436813}.AppStore|ARM.Build.0 = Debug|Any CPU
		{6B39BAE2-82FF-4904-B22D-F53414436813}.AppStore|ARM64.ActiveCfg = Release|Any CPU
		{6B39BAE2-82FF-4904-B22D-F53414436813}.AppStore|ARM64.Build.0 = Release|Any CPU
		{6B39BAE2-82FF-4904-B22D-F53414436813}.AppStore|iPhone.ActiveCfg = Debug|Any CPU
		{6B39BAE2-82FF-4904-B22D-F53414436813}.AppStore|iPhone.Build.0 = Debug|Any CPU
		{6B39BAE2-82FF-4904-B22D-F53414436813}.AppStore|iPhoneSimulator.ActiveCfg = Debug|Any CPU
		{6B39BAE2-82FF-4904-B22D-F53414436813}.AppStore|iPhoneSimulator.Build.0 = Debug|Any CPU
		{6B39BAE2-82FF-4904-B22D-F53414436813}.AppStore|x64.ActiveCfg = Debug|Any CPU
		{6B39BAE2-82FF-4904-B22D-F53414436813}.AppStore|x64.Build.0 = Debug|Any CPU
		{6B39BAE2-82FF-4904-B22D-F53414436813}.AppStore|x86.ActiveCfg = Debug|Any CPU
		{6B39BAE2-82FF-4904-B22D-F53414436813}.AppStore|x86.Build.0 = Debug|Any CPU
		{6B39BAE2-82FF-4904-B22D-F53414436813}.Debug|Any CPU.ActiveCfg = Debug|Any CPU
		{6B39BAE2-82FF-4904-B22D-F53414436813}.Debug|Any CPU.Build.0 = Debug|Any CPU
		{6B39BAE2-82FF-4904-B22D-F53414436813}.Debug|ARM.ActiveCfg = Debug|Any CPU
		{6B39BAE2-82FF-4904-B22D-F53414436813}.Debug|ARM.Build.0 = Debug|Any CPU
		{6B39BAE2-82FF-4904-B22D-F53414436813}.Debug|ARM64.ActiveCfg = Debug|Any CPU
		{6B39BAE2-82FF-4904-B22D-F53414436813}.Debug|ARM64.Build.0 = Debug|Any CPU
		{6B39BAE2-82FF-4904-B22D-F53414436813}.Debug|iPhone.ActiveCfg = Debug|Any CPU
		{6B39BAE2-82FF-4904-B22D-F53414436813}.Debug|iPhone.Build.0 = Debug|Any CPU
		{6B39BAE2-82FF-4904-B22D-F53414436813}.Debug|iPhoneSimulator.ActiveCfg = Debug|Any CPU
		{6B39BAE2-82FF-4904-B22D-F53414436813}.Debug|iPhoneSimulator.Build.0 = Debug|Any CPU
		{6B39BAE2-82FF-4904-B22D-F53414436813}.Debug|x64.ActiveCfg = Debug|Any CPU
		{6B39BAE2-82FF-4904-B22D-F53414436813}.Debug|x64.Build.0 = Debug|Any CPU
		{6B39BAE2-82FF-4904-B22D-F53414436813}.Debug|x86.ActiveCfg = Debug|Any CPU
		{6B39BAE2-82FF-4904-B22D-F53414436813}.Debug|x86.Build.0 = Debug|Any CPU
		{6B39BAE2-82FF-4904-B22D-F53414436813}.Release|Any CPU.ActiveCfg = Release|Any CPU
		{6B39BAE2-82FF-4904-B22D-F53414436813}.Release|Any CPU.Build.0 = Release|Any CPU
		{6B39BAE2-82FF-4904-B22D-F53414436813}.Release|ARM.ActiveCfg = Release|Any CPU
		{6B39BAE2-82FF-4904-B22D-F53414436813}.Release|ARM.Build.0 = Release|Any CPU
		{6B39BAE2-82FF-4904-B22D-F53414436813}.Release|ARM64.ActiveCfg = Release|Any CPU
		{6B39BAE2-82FF-4904-B22D-F53414436813}.Release|ARM64.Build.0 = Release|Any CPU
		{6B39BAE2-82FF-4904-B22D-F53414436813}.Release|iPhone.ActiveCfg = Release|Any CPU
		{6B39BAE2-82FF-4904-B22D-F53414436813}.Release|iPhone.Build.0 = Release|Any CPU
		{6B39BAE2-82FF-4904-B22D-F53414436813}.Release|iPhoneSimulator.ActiveCfg = Release|Any CPU
		{6B39BAE2-82FF-4904-B22D-F53414436813}.Release|iPhoneSimulator.Build.0 = Release|Any CPU
		{6B39BAE2-82FF-4904-B22D-F53414436813}.Release|x64.ActiveCfg = Release|Any CPU
		{6B39BAE2-82FF-4904-B22D-F53414436813}.Release|x64.Build.0 = Release|Any CPU
		{6B39BAE2-82FF-4904-B22D-F53414436813}.Release|x86.ActiveCfg = Release|Any CPU
		{6B39BAE2-82FF-4904-B22D-F53414436813}.Release|x86.Build.0 = Release|Any CPU
		{D0FBE2BA-799B-4071-A45D-8FB037006C9C}.Ad-Hoc|Any CPU.ActiveCfg = Ad-Hoc|iPhone
		{D0FBE2BA-799B-4071-A45D-8FB037006C9C}.Ad-Hoc|ARM.ActiveCfg = Ad-Hoc|iPhone
		{D0FBE2BA-799B-4071-A45D-8FB037006C9C}.Ad-Hoc|ARM64.ActiveCfg = Ad-Hoc|iPhoneSimulator
		{D0FBE2BA-799B-4071-A45D-8FB037006C9C}.Ad-Hoc|iPhone.ActiveCfg = Ad-Hoc|iPhone
		{D0FBE2BA-799B-4071-A45D-8FB037006C9C}.Ad-Hoc|iPhone.Build.0 = Ad-Hoc|iPhone
		{D0FBE2BA-799B-4071-A45D-8FB037006C9C}.Ad-Hoc|iPhoneSimulator.ActiveCfg = Ad-Hoc|iPhoneSimulator
		{D0FBE2BA-799B-4071-A45D-8FB037006C9C}.Ad-Hoc|iPhoneSimulator.Build.0 = Ad-Hoc|iPhoneSimulator
		{D0FBE2BA-799B-4071-A45D-8FB037006C9C}.Ad-Hoc|x64.ActiveCfg = Ad-Hoc|iPhone
		{D0FBE2BA-799B-4071-A45D-8FB037006C9C}.Ad-Hoc|x86.ActiveCfg = Ad-Hoc|iPhone
		{D0FBE2BA-799B-4071-A45D-8FB037006C9C}.AppStore|Any CPU.ActiveCfg = AppStore|iPhone
		{D0FBE2BA-799B-4071-A45D-8FB037006C9C}.AppStore|ARM.ActiveCfg = AppStore|iPhone
		{D0FBE2BA-799B-4071-A45D-8FB037006C9C}.AppStore|ARM64.ActiveCfg = AppStore|iPhoneSimulator
		{D0FBE2BA-799B-4071-A45D-8FB037006C9C}.AppStore|iPhone.ActiveCfg = AppStore|iPhone
		{D0FBE2BA-799B-4071-A45D-8FB037006C9C}.AppStore|iPhone.Build.0 = AppStore|iPhone
		{D0FBE2BA-799B-4071-A45D-8FB037006C9C}.AppStore|iPhoneSimulator.ActiveCfg = AppStore|iPhoneSimulator
		{D0FBE2BA-799B-4071-A45D-8FB037006C9C}.AppStore|iPhoneSimulator.Build.0 = AppStore|iPhoneSimulator
		{D0FBE2BA-799B-4071-A45D-8FB037006C9C}.AppStore|x64.ActiveCfg = AppStore|iPhone
		{D0FBE2BA-799B-4071-A45D-8FB037006C9C}.AppStore|x86.ActiveCfg = AppStore|iPhone
		{D0FBE2BA-799B-4071-A45D-8FB037006C9C}.Debug|Any CPU.ActiveCfg = Debug|iPhone
		{D0FBE2BA-799B-4071-A45D-8FB037006C9C}.Debug|ARM.ActiveCfg = Debug|iPhone
		{D0FBE2BA-799B-4071-A45D-8FB037006C9C}.Debug|ARM64.ActiveCfg = Debug|iPhoneSimulator
		{D0FBE2BA-799B-4071-A45D-8FB037006C9C}.Debug|iPhone.ActiveCfg = Debug|iPhone
		{D0FBE2BA-799B-4071-A45D-8FB037006C9C}.Debug|iPhone.Build.0 = Debug|iPhone
		{D0FBE2BA-799B-4071-A45D-8FB037006C9C}.Debug|iPhone.Deploy.0 = Debug|iPhone
		{D0FBE2BA-799B-4071-A45D-8FB037006C9C}.Debug|iPhoneSimulator.ActiveCfg = Debug|iPhoneSimulator
		{D0FBE2BA-799B-4071-A45D-8FB037006C9C}.Debug|iPhoneSimulator.Build.0 = Debug|iPhoneSimulator
		{D0FBE2BA-799B-4071-A45D-8FB037006C9C}.Debug|x64.ActiveCfg = Debug|iPhone
		{D0FBE2BA-799B-4071-A45D-8FB037006C9C}.Debug|x86.ActiveCfg = Debug|iPhone
		{D0FBE2BA-799B-4071-A45D-8FB037006C9C}.Release|Any CPU.ActiveCfg = Release|iPhone
		{D0FBE2BA-799B-4071-A45D-8FB037006C9C}.Release|ARM.ActiveCfg = Release|iPhone
		{D0FBE2BA-799B-4071-A45D-8FB037006C9C}.Release|ARM64.ActiveCfg = Release|iPhoneSimulator
		{D0FBE2BA-799B-4071-A45D-8FB037006C9C}.Release|iPhone.ActiveCfg = Release|iPhone
		{D0FBE2BA-799B-4071-A45D-8FB037006C9C}.Release|iPhone.Build.0 = Release|iPhone
		{D0FBE2BA-799B-4071-A45D-8FB037006C9C}.Release|iPhoneSimulator.ActiveCfg = Release|iPhoneSimulator
		{D0FBE2BA-799B-4071-A45D-8FB037006C9C}.Release|iPhoneSimulator.Build.0 = Release|iPhoneSimulator
		{D0FBE2BA-799B-4071-A45D-8FB037006C9C}.Release|x64.ActiveCfg = Release|iPhone
		{D0FBE2BA-799B-4071-A45D-8FB037006C9C}.Release|x86.ActiveCfg = Release|iPhone
		{669006CB-CD73-4CD8-B7BE-66D190C7637F}.Ad-Hoc|Any CPU.ActiveCfg = Debug|Any CPU
		{669006CB-CD73-4CD8-B7BE-66D190C7637F}.Ad-Hoc|Any CPU.Build.0 = Debug|Any CPU
		{669006CB-CD73-4CD8-B7BE-66D190C7637F}.Ad-Hoc|ARM.ActiveCfg = Debug|Any CPU
		{669006CB-CD73-4CD8-B7BE-66D190C7637F}.Ad-Hoc|ARM.Build.0 = Debug|Any CPU
		{669006CB-CD73-4CD8-B7BE-66D190C7637F}.Ad-Hoc|ARM64.ActiveCfg = Release|Any CPU
		{669006CB-CD73-4CD8-B7BE-66D190C7637F}.Ad-Hoc|ARM64.Build.0 = Release|Any CPU
		{669006CB-CD73-4CD8-B7BE-66D190C7637F}.Ad-Hoc|iPhone.ActiveCfg = Debug|Any CPU
		{669006CB-CD73-4CD8-B7BE-66D190C7637F}.Ad-Hoc|iPhone.Build.0 = Debug|Any CPU
		{669006CB-CD73-4CD8-B7BE-66D190C7637F}.Ad-Hoc|iPhoneSimulator.ActiveCfg = Debug|Any CPU
		{669006CB-CD73-4CD8-B7BE-66D190C7637F}.Ad-Hoc|iPhoneSimulator.Build.0 = Debug|Any CPU
		{669006CB-CD73-4CD8-B7BE-66D190C7637F}.Ad-Hoc|x64.ActiveCfg = Debug|Any CPU
		{669006CB-CD73-4CD8-B7BE-66D190C7637F}.Ad-Hoc|x64.Build.0 = Debug|Any CPU
		{669006CB-CD73-4CD8-B7BE-66D190C7637F}.Ad-Hoc|x86.ActiveCfg = Debug|Any CPU
		{669006CB-CD73-4CD8-B7BE-66D190C7637F}.Ad-Hoc|x86.Build.0 = Debug|Any CPU
		{669006CB-CD73-4CD8-B7BE-66D190C7637F}.AppStore|Any CPU.ActiveCfg = Debug|Any CPU
		{669006CB-CD73-4CD8-B7BE-66D190C7637F}.AppStore|Any CPU.Build.0 = Debug|Any CPU
		{669006CB-CD73-4CD8-B7BE-66D190C7637F}.AppStore|ARM.ActiveCfg = Debug|Any CPU
		{669006CB-CD73-4CD8-B7BE-66D190C7637F}.AppStore|ARM.Build.0 = Debug|Any CPU
		{669006CB-CD73-4CD8-B7BE-66D190C7637F}.AppStore|ARM64.ActiveCfg = Release|Any CPU
		{669006CB-CD73-4CD8-B7BE-66D190C7637F}.AppStore|ARM64.Build.0 = Release|Any CPU
		{669006CB-CD73-4CD8-B7BE-66D190C7637F}.AppStore|iPhone.ActiveCfg = Debug|Any CPU
		{669006CB-CD73-4CD8-B7BE-66D190C7637F}.AppStore|iPhone.Build.0 = Debug|Any CPU
		{669006CB-CD73-4CD8-B7BE-66D190C7637F}.AppStore|iPhoneSimulator.ActiveCfg = Debug|Any CPU
		{669006CB-CD73-4CD8-B7BE-66D190C7637F}.AppStore|iPhoneSimulator.Build.0 = Debug|Any CPU
		{669006CB-CD73-4CD8-B7BE-66D190C7637F}.AppStore|x64.ActiveCfg = Debug|Any CPU
		{669006CB-CD73-4CD8-B7BE-66D190C7637F}.AppStore|x64.Build.0 = Debug|Any CPU
		{669006CB-CD73-4CD8-B7BE-66D190C7637F}.AppStore|x86.ActiveCfg = Debug|Any CPU
		{669006CB-CD73-4CD8-B7BE-66D190C7637F}.AppStore|x86.Build.0 = Debug|Any CPU
		{669006CB-CD73-4CD8-B7BE-66D190C7637F}.Debug|Any CPU.ActiveCfg = Debug|Any CPU
		{669006CB-CD73-4CD8-B7BE-66D190C7637F}.Debug|Any CPU.Build.0 = Debug|Any CPU
		{669006CB-CD73-4CD8-B7BE-66D190C7637F}.Debug|ARM.ActiveCfg = Debug|Any CPU
		{669006CB-CD73-4CD8-B7BE-66D190C7637F}.Debug|ARM.Build.0 = Debug|Any CPU
		{669006CB-CD73-4CD8-B7BE-66D190C7637F}.Debug|ARM64.ActiveCfg = Debug|Any CPU
		{669006CB-CD73-4CD8-B7BE-66D190C7637F}.Debug|ARM64.Build.0 = Debug|Any CPU
		{669006CB-CD73-4CD8-B7BE-66D190C7637F}.Debug|iPhone.ActiveCfg = Debug|Any CPU
		{669006CB-CD73-4CD8-B7BE-66D190C7637F}.Debug|iPhone.Build.0 = Debug|Any CPU
		{669006CB-CD73-4CD8-B7BE-66D190C7637F}.Debug|iPhoneSimulator.ActiveCfg = Debug|Any CPU
		{669006CB-CD73-4CD8-B7BE-66D190C7637F}.Debug|iPhoneSimulator.Build.0 = Debug|Any CPU
		{669006CB-CD73-4CD8-B7BE-66D190C7637F}.Debug|x64.ActiveCfg = Debug|Any CPU
		{669006CB-CD73-4CD8-B7BE-66D190C7637F}.Debug|x64.Build.0 = Debug|Any CPU
		{669006CB-CD73-4CD8-B7BE-66D190C7637F}.Debug|x86.ActiveCfg = Debug|Any CPU
		{669006CB-CD73-4CD8-B7BE-66D190C7637F}.Debug|x86.Build.0 = Debug|Any CPU
		{669006CB-CD73-4CD8-B7BE-66D190C7637F}.Release|Any CPU.ActiveCfg = Release|Any CPU
		{669006CB-CD73-4CD8-B7BE-66D190C7637F}.Release|Any CPU.Build.0 = Release|Any CPU
		{669006CB-CD73-4CD8-B7BE-66D190C7637F}.Release|ARM.ActiveCfg = Release|Any CPU
		{669006CB-CD73-4CD8-B7BE-66D190C7637F}.Release|ARM.Build.0 = Release|Any CPU
		{669006CB-CD73-4CD8-B7BE-66D190C7637F}.Release|ARM64.ActiveCfg = Release|Any CPU
		{669006CB-CD73-4CD8-B7BE-66D190C7637F}.Release|ARM64.Build.0 = Release|Any CPU
		{669006CB-CD73-4CD8-B7BE-66D190C7637F}.Release|iPhone.ActiveCfg = Release|Any CPU
		{669006CB-CD73-4CD8-B7BE-66D190C7637F}.Release|iPhone.Build.0 = Release|Any CPU
		{669006CB-CD73-4CD8-B7BE-66D190C7637F}.Release|iPhoneSimulator.ActiveCfg = Release|Any CPU
		{669006CB-CD73-4CD8-B7BE-66D190C7637F}.Release|iPhoneSimulator.Build.0 = Release|Any CPU
		{669006CB-CD73-4CD8-B7BE-66D190C7637F}.Release|x64.ActiveCfg = Release|Any CPU
		{669006CB-CD73-4CD8-B7BE-66D190C7637F}.Release|x64.Build.0 = Release|Any CPU
		{669006CB-CD73-4CD8-B7BE-66D190C7637F}.Release|x86.ActiveCfg = Release|Any CPU
		{669006CB-CD73-4CD8-B7BE-66D190C7637F}.Release|x86.Build.0 = Release|Any CPU
	EndGlobalSection
	GlobalSection(SolutionProperties) = preSolution
		HideSolutionNode = FALSE
	EndGlobalSection
	GlobalSection(NestedProjects) = preSolution
		{9A31ADB5-9FD7-474D-BD94-0BC7EFB2D0FF} = {7F10E7E4-52D4-4E60-A74D-E364539109DD}
		{84A47667-760B-41F5-AD8F-C96C1EE2CA90} = {9A31ADB5-9FD7-474D-BD94-0BC7EFB2D0FF}
		{4C92155B-585D-49A0-B2B5-BE69687BE188} = {9A31ADB5-9FD7-474D-BD94-0BC7EFB2D0FF}
		{E9F3DADA-AFF6-4239-979D-A326DF912132} = {9A31ADB5-9FD7-474D-BD94-0BC7EFB2D0FF}
		{66290D8C-9620-4449-8A47-BAF7709375C6} = {9A31ADB5-9FD7-474D-BD94-0BC7EFB2D0FF}
		{AA85D854-436E-430A-9CD3-4C71518C273B} = {9A31ADB5-9FD7-474D-BD94-0BC7EFB2D0FF}
		{6B39BAE2-82FF-4904-B22D-F53414436813} = {A06042F5-F69D-4191-875E-5ADE9CF42075}
		{D0FBE2BA-799B-4071-A45D-8FB037006C9C} = {A06042F5-F69D-4191-875E-5ADE9CF42075}
		{669006CB-CD73-4CD8-B7BE-66D190C7637F} = {7F10E7E4-52D4-4E60-A74D-E364539109DD}
	EndGlobalSection
	GlobalSection(ExtensibilityGlobals) = postSolution
		SolutionGuid = {DE030460-9303-4C62-87D1-6004DC601CB3}
	EndGlobalSection
EndGlobal
